Microsoft Visual Studio Solution File, Format Version 12.00
# Visual Studio Version 17
VisualStudioVersion = 17.5.2.0
MinimumVisualStudioVersion = 10.0.40219.1
Project("{FAE04EC0-301F-11D3-BF4B-00C04F79EFBC}") = "TicTacToeApi", "TicTacToeApi\TicTacToeApi.csproj", "{A0C1B26F-9068-1B9C-2A3D-3812995DFE4A}"
EndProject
Global
	GlobalSection(SolutionConfigurationPlatforms) = preSolution
		Debug|Any CPU = Debug|Any CPU
		Release|Any CPU = Release|Any CPU
	EndGlobalSection
	GlobalSection(ProjectConfigurationPlatforms) = postSolution
		{A0C1B26F-9068-1B9C-2A3D-3812995DFE4A}.Debug|Any CPU.ActiveCfg = Debug|Any CPU
		{A0C1B26F-9068-1B9C-2A3D-3812995DFE4A}.Debug|Any CPU.Build.0 = Debug|Any CPU
		{A0C1B26F-9068-1B9C-2A3D-3812995DFE4A}.Release|Any CPU.ActiveCfg = Release|Any CPU
		{A0C1B26F-9068-1B9C-2A3D-3812995DFE4A}.Release|Any CPU.Build.0 = Release|Any CPU
	EndGlobalSection
	GlobalSection(SolutionProperties) = preSolution
		HideSolutionNode = FALSE
	EndGlobalSection
	GlobalSection(ExtensibilityGlobals) = postSolution
		SolutionGuid = {985377E4-8B71-4DC9-B470-9B280FB9FC88}
	EndGlobalSection
EndGlobal
